
Microsoft Visual Studio Solution File, Format Version 10.00
# Visual Studio 2008
Project("{FAE04EC0-301F-11D3-BF4B-00C04F79EFBC}") = "CS_threescale", "CS_threescale\CS_threescale.csproj", "{9DD2CA53-C5B5-4FF6-92C0-B48AEB193580}"
EndProject
Global
	GlobalSection(SolutionConfigurationPlatforms) = preSolution
		Debug|Any CPU = Debug|Any CPU
		Release|Any CPU = Release|Any CPU
	EndGlobalSection
	GlobalSection(ProjectConfigurationPlatforms) = postSolution
		{9DD2CA53-C5B5-4FF6-92C0-B48AEB193580}.Debug|Any CPU.ActiveCfg = Debug|Any CPU
		{9DD2CA53-C5B5-4FF6-92C0-B48AEB193580}.Debug|Any CPU.Build.0 = Debug|Any CPU
		{9DD2CA53-C5B5-4FF6-92C0-B48AEB193580}.Release|Any CPU.ActiveCfg = Release|Any CPU
		{9DD2CA53-C5B5-4FF6-92C0-B48AEB193580}.Release|Any CPU.Build.0 = Release|Any CPU
	EndGlobalSection
	GlobalSection(SolutionProperties) = preSolution
		HideSolutionNode = FALSE
	EndGlobalSection
EndGlobal
